{
  "lockfile-version": 1,
  "manifest": {
    "version": 1,
    "install": {
      "python3": {
        "pkg-path": "python3"
      }
    },
    "vars": {
      "EDITOR": "vim",
      "VISUAL": "vim"
    },
    "hook": {},
    "profile": {},
    "options": {}
  },
  "packages": [
    {
      "attr_path": "python3",
      "broken": false,
      "derivation": "/nix/store/0sgpwdw94q31k5y4gfblnwr7vf7cdkvx-python3-3.13.5.drv",
      "description": "High-level dynamically-typed programming language",
      "install_id": "python3",
      "license": "Python-2.0",
      "locked_url": "https://github.com/flox/nixpkgs?rev=005433b926e16227259a1843015b5b2b7f7d1fc3",
      "name": "python3-3.13.5",
      "pname": "python3",
      "rev": "005433b926e16227259a1843015b5b2b7f7d1fc3",
      "rev_count": 843472,
      "rev_date": "2025-08-12T19:39:21Z",
      "scrape_date": "2025-08-14T00:26:22.143369Z",
      "stabilities": [
        "unstable"
      ],
      "unfree": false,
      "version": "3.13.5",
      "outputs_to_install": [
        "out"
      ],
      "outputs": {
        "out": "/nix/store/v72ywdz0dd2d6sb3knymx9ww8r6pcqba-python3-3.13.5"
      },
      "system": "aarch64-darwin",
      "group": "toplevel",
      "priority": 5
    },
    {
      "attr_path": "python3",
      "broken": false,
      "derivation": "/nix/store/1cdadwmiqljyxpc2q5fsicj24yf6vir4-python3-3.13.5.drv",
      "description": "High-level dynamically-typed programming language",
      "install_id": "python3",
      "license": "Python-2.0",
      "locked_url": "https://github.com/flox/nixpkgs?rev=005433b926e16227259a1843015b5b2b7f7d1fc3",
      "name": "python3-3.13.5",
      "pname": "python3",
      "rev": "005433b926e16227259a1843015b5b2b7f7d1fc3",
      "rev_count": 843472,
      "rev_date": "2025-08-12T19:39:21Z",
      "scrape_date": "2025-08-14T02:00:06.295430Z",
      "stabilities": [
        "unstable"
      ],
      "unfree": false,
      "version": "3.13.5",
      "outputs_to_install": [
        "out"
      ],
      "outputs": {
        "debug": "/nix/store/lnjp4kv8avwmkrfxxxa38pyqxqx6ajpv-python3-3.13.5-debug",
        "out": "/nix/store/cr7c6cf8y7sbqwq9bj7lrm977x7c4mv9-python3-3.13.5"
      },
      "system": "aarch64-linux",
      "group": "toplevel",
      "priority": 5
    },
    {
      "attr_path": "python3",
      "broken": false,
      "derivation": "/nix/store/y4m8sfxbkhwzd29qp601973gxfs4bkv4-python3-3.13.5.drv",
      "description": "High-level dynamically-typed programming language",
      "install_id": "python3",
      "license": "Python-2.0",
      "locked_url": "https://github.com/flox/nixpkgs?rev=005433b926e16227259a1843015b5b2b7f7d1fc3",
      "name": "python3-3.13.5",
      "pname": "python3",
      "rev": "005433b926e16227259a1843015b5b2b7f7d1fc3",
      "rev_count": 843472,
      "rev_date": "2025-08-12T19:39:21Z",
      "scrape_date": "2025-08-14T02:32:28.050323Z",
      "stabilities": [
        "unstable"
      ],
      "unfree": false,
      "version": "3.13.5",
      "outputs_to_install": [
        "out"
      ],
      "outputs": {
        "out": "/nix/store/9zzyv1p496m8b7j8v3y2dqq1xii9anx5-python3-3.13.5"
      },
      "system": "x86_64-darwin",
      "group": "toplevel",
      "priority": 5
    },
    {
      "attr_path": "python3",
      "broken": false,
      "derivation": "/nix/store/5cjmvj85qx59nw08isq5q63kvc3ccwi1-python3-3.13.5.drv",
      "description": "High-level dynamically-typed programming language",
      "install_id": "python3",
      "license": "Python-2.0",
      "locked_url": "https://github.com/flox/nixpkgs?rev=005433b926e16227259a1843015b5b2b7f7d1fc3",
      "name": "python3-3.13.5",
      "pname": "python3",
      "rev": "005433b926e16227259a1843015b5b2b7f7d1fc3",
      "rev_count": 843472,
      "rev_date": "2025-08-12T19:39:21Z",
      "scrape_date": "2025-08-14T03:13:56.690493Z",
      "stabilities": [
        "unstable"
      ],
      "unfree": false,
      "version": "3.13.5",
      "outputs_to_install": [
        "out"
      ],
      "outputs": {
        "debug": "/nix/store/h5y23q0k2xzr0aa17y7b82y826ch7yq9-python3-3.13.5-debug",
        "out": "/nix/store/9yh9ak97gn659bk4d3n411fx6c0ng7s2-python3-3.13.5"
      },
      "system": "x86_64-linux",
      "group": "toplevel",
      "priority": 5
    }
  ]
}