{
  "lockfile-version": 1,
  "manifest": {
    "version": 1,
    "install": {
      "nodejs": {
        "pkg-path": "nodejs"
      },
      "pnpm": {
        "pkg-path": "pnpm"
      },
      "vite": {
        "pkg-path": "vite",
        "systems": [
          "aarch64-linux",
          "x86_64-linux"
        ]
      }
    },
    "vars": {
      "EDITOR": "vim",
      "VISUAL": "vim"
    },
    "hook": {},
    "profile": {},
    "options": {}
  },
  "packages": [
    {
      "attr_path": "nodejs",
      "broken": false,
      "derivation": "/nix/store/mcpi6hknkb9dz7ipp7nzh1ln1a8ak702-nodejs-22.17.0.drv",
      "description": "Event-driven I/O framework for the V8 JavaScript engine",
      "install_id": "nodejs",
      "license": "MIT",
      "locked_url": "https://github.com/flox/nixpkgs?rev=5b09dc45f24cf32316283e62aec81ffee3c3e376",
      "name": "nodejs-22.17.0",
      "pname": "nodejs",
      "rev": "5b09dc45f24cf32316283e62aec81ffee3c3e376",
      "rev_count": 838708,
      "rev_date": "2025-08-03T09:47:33Z",
      "scrape_date": "2025-08-05T00:29:24.031100Z",
      "stabilities": [
        "unstable"
      ],
      "unfree": false,
      "version": "22.17.0",
      "outputs_to_install": [
        "out"
      ],
      "outputs": {
        "dev": "/nix/store/f8p8cf7impbgzqim9nbqik6z9xj5lyc3-nodejs-22.17.0-dev",
        "libv8": "/nix/store/6fy7a1dk6z2xz57v3axlzw7lrscikk2f-nodejs-22.17.0-libv8",
        "out": "/nix/store/s7dd5qi3fzjj8q5mmygi8pasp91n727c-nodejs-22.17.0"
      },
      "system": "aarch64-darwin",
      "group": "toplevel",
      "priority": 5
    },
    {
      "attr_path": "nodejs",
      "broken": false,
      "derivation": "/nix/store/hp61l0ws5s5xipwaa0y98dwi394rsas6-nodejs-22.17.0.drv",
      "description": "Event-driven I/O framework for the V8 JavaScript engine",
      "install_id": "nodejs",
      "license": "MIT",
      "locked_url": "https://github.com/flox/nixpkgs?rev=5b09dc45f24cf32316283e62aec81ffee3c3e376",
      "name": "nodejs-22.17.0",
      "pname": "nodejs",
      "rev": "5b09dc45f24cf32316283e62aec81ffee3c3e376",
      "rev_count": 838708,
      "rev_date": "2025-08-03T09:47:33Z",
      "scrape_date": "2025-08-05T00:49:25.243906Z",
      "stabilities": [
        "unstable"
      ],
      "unfree": false,
      "version": "22.17.0",
      "outputs_to_install": [
        "out"
      ],
      "outputs": {
        "dev": "/nix/store/vgjb162lwvdqw6vf1jlam9iaxr4g4njm-nodejs-22.17.0-dev",
        "libv8": "/nix/store/5wb5rg5d9mqahhkbaxa4igrdgq7bbqra-nodejs-22.17.0-libv8",
        "out": "/nix/store/368l5fmrl9yc2h8ngbw3b6hhp7fc8chh-nodejs-22.17.0"
      },
      "system": "aarch64-linux",
      "group": "toplevel",
      "priority": 5
    },
    {
      "attr_path": "nodejs",
      "broken": false,
      "derivation": "/nix/store/dv9i7vz3bqp38vd4alipvw57nbnh159f-nodejs-22.17.0.drv",
      "description": "Event-driven I/O framework for the V8 JavaScript engine",
      "install_id": "nodejs",
      "license": "MIT",
      "locked_url": "https://github.com/flox/nixpkgs?rev=5b09dc45f24cf32316283e62aec81ffee3c3e376",
      "name": "nodejs-22.17.0",
      "pname": "nodejs",
      "rev": "5b09dc45f24cf32316283e62aec81ffee3c3e376",
      "rev_count": 838708,
      "rev_date": "2025-08-03T09:47:33Z",
      "scrape_date": "2025-08-05T01:08:52.251267Z",
      "stabilities": [
        "unstable"
      ],
      "unfree": false,
      "version": "22.17.0",
      "outputs_to_install": [
        "out"
      ],
      "outputs": {
        "dev": "/nix/store/a09q6g0l907dvib30wxp2zhd1yx8p4w9-nodejs-22.17.0-dev",
        "libv8": "/nix/store/1psqihyqxkm0pa5n6b1jyy7fn7s5d3w5-nodejs-22.17.0-libv8",
        "out": "/nix/store/rn17ypna061gf9l94m8dcq4n6jwi2qmx-nodejs-22.17.0"
      },
      "system": "x86_64-darwin",
      "group": "toplevel",
      "priority": 5
    },
    {
      "attr_path": "nodejs",
      "broken": false,
      "derivation": "/nix/store/1j5phnsrk0dylzigngdwc143a20y9ify-nodejs-22.17.0.drv",
      "description": "Event-driven I/O framework for the V8 JavaScript engine",
      "install_id": "nodejs",
      "license": "MIT",
      "locked_url": "https://github.com/flox/nixpkgs?rev=5b09dc45f24cf32316283e62aec81ffee3c3e376",
      "name": "nodejs-22.17.0",
      "pname": "nodejs",
      "rev": "5b09dc45f24cf32316283e62aec81ffee3c3e376",
      "rev_count": 838708,
      "rev_date": "2025-08-03T09:47:33Z",
      "scrape_date": "2025-08-05T01:33:09.949976Z",
      "stabilities": [
        "unstable"
      ],
      "unfree": false,
      "version": "22.17.0",
      "outputs_to_install": [
        "out"
      ],
      "outputs": {
        "dev": "/nix/store/56m9qb3lvy446hirs940cgmgjk54yssl-nodejs-22.17.0-dev",
        "libv8": "/nix/store/40hasi9aw7r9qcacppgf712qzi8aa3br-nodejs-22.17.0-libv8",
        "out": "/nix/store/whnr2rydma74q97zs56ic601ixs88njg-nodejs-22.17.0"
      },
      "system": "x86_64-linux",
      "group": "toplevel",
      "priority": 5
    },
    {
      "attr_path": "pnpm",
      "broken": false,
      "derivation": "/nix/store/mbnsjzlan6bxpyfq7l5wm1snm4fynj7g-pnpm-10.14.0.drv",
      "description": "Fast, disk space efficient package manager for JavaScript",
      "install_id": "pnpm",
      "license": "MIT",
      "locked_url": "https://github.com/flox/nixpkgs?rev=5b09dc45f24cf32316283e62aec81ffee3c3e376",
      "name": "pnpm-10.14.0",
      "pname": "pnpm",
      "rev": "5b09dc45f24cf32316283e62aec81ffee3c3e376",
      "rev_count": 838708,
      "rev_date": "2025-08-03T09:47:33Z",
      "scrape_date": "2025-08-05T00:29:29.383006Z",
      "stabilities": [
        "unstable"
      ],
      "unfree": false,
      "version": "10.14.0",
      "outputs_to_install": [
        "out"
      ],
      "outputs": {
        "out": "/nix/store/zbrkyacg6llvr23i9jymcqpdply66wcb-pnpm-10.14.0"
      },
      "system": "aarch64-darwin",
      "group": "toplevel",
      "priority": 5
    },
    {
      "attr_path": "pnpm",
      "broken": false,
      "derivation": "/nix/store/d272dgm94ngv832j59klzn98j2xkg7ym-pnpm-10.14.0.drv",
      "description": "Fast, disk space efficient package manager for JavaScript",
      "install_id": "pnpm",
      "license": "MIT",
      "locked_url": "https://github.com/flox/nixpkgs?rev=5b09dc45f24cf32316283e62aec81ffee3c3e376",
      "name": "pnpm-10.14.0",
      "pname": "pnpm",
      "rev": "5b09dc45f24cf32316283e62aec81ffee3c3e376",
      "rev_count": 838708,
      "rev_date": "2025-08-03T09:47:33Z",
      "scrape_date": "2025-08-05T00:49:35.817210Z",
      "stabilities": [
        "unstable"
      ],
      "unfree": false,
      "version": "10.14.0",
      "outputs_to_install": [
        "out"
      ],
      "outputs": {
        "out": "/nix/store/cfpp6ffy67vvzz1l6vqddkxzffs2m790-pnpm-10.14.0"
      },
      "system": "aarch64-linux",
      "group": "toplevel",
      "priority": 5
    },
    {
      "attr_path": "pnpm",
      "broken": false,
      "derivation": "/nix/store/mzms4q8gavdnl048mb4ykgp231zf9n79-pnpm-10.14.0.drv",
      "description": "Fast, disk space efficient package manager for JavaScript",
      "install_id": "pnpm",
      "license": "MIT",
      "locked_url": "https://github.com/flox/nixpkgs?rev=5b09dc45f24cf32316283e62aec81ffee3c3e376",
      "name": "pnpm-10.14.0",
      "pname": "pnpm",
      "rev": "5b09dc45f24cf32316283e62aec81ffee3c3e376",
      "rev_count": 838708,
      "rev_date": "2025-08-03T09:47:33Z",
      "scrape_date": "2025-08-05T01:08:57.643218Z",
      "stabilities": [
        "unstable"
      ],
      "unfree": false,
      "version": "10.14.0",
      "outputs_to_install": [
        "out"
      ],
      "outputs": {
        "out": "/nix/store/iryjb73pn84bczcr751608rjbpbzm721-pnpm-10.14.0"
      },
      "system": "x86_64-darwin",
      "group": "toplevel",
      "priority": 5
    },
    {
      "attr_path": "pnpm",
      "broken": false,
      "derivation": "/nix/store/d5iq575j1lwp66lmr2pgx8rdk7d8cpww-pnpm-10.14.0.drv",
      "description": "Fast, disk space efficient package manager for JavaScript",
      "install_id": "pnpm",
      "license": "MIT",
      "locked_url": "https://github.com/flox/nixpkgs?rev=5b09dc45f24cf32316283e62aec81ffee3c3e376",
      "name": "pnpm-10.14.0",
      "pname": "pnpm",
      "rev": "5b09dc45f24cf32316283e62aec81ffee3c3e376",
      "rev_count": 838708,
      "rev_date": "2025-08-03T09:47:33Z",
      "scrape_date": "2025-08-05T01:33:20.591888Z",
      "stabilities": [
        "unstable"
      ],
      "unfree": false,
      "version": "10.14.0",
      "outputs_to_install": [
        "out"
      ],
      "outputs": {
        "out": "/nix/store/q4cljfi7la5sbb75vb2kkgvbg2qwgz2x-pnpm-10.14.0"
      },
      "system": "x86_64-linux",
      "group": "toplevel",
      "priority": 5
    },
    {
      "attr_path": "vite",
      "broken": false,
      "derivation": "/nix/store/samddjbb4yzklkd8zxwfp0pcr2wij6r5-vite-unstable-2022-05-17.drv",
      "description": "Visual Trace Explorer (ViTE), a tool to visualize execution traces",
      "install_id": "vite",
      "license": "CECILL-2.0",
      "locked_url": "https://github.com/flox/nixpkgs?rev=5b09dc45f24cf32316283e62aec81ffee3c3e376",
      "name": "vite-unstable-2022-05-17",
      "pname": "vite",
      "rev": "5b09dc45f24cf32316283e62aec81ffee3c3e376",
      "rev_count": 838708,
      "rev_date": "2025-08-03T09:47:33Z",
      "scrape_date": "2025-08-05T00:50:54.617227Z",
      "stabilities": [
        "unstable"
      ],
      "unfree": false,
      "version": "2022-05-17",
      "outputs_to_install": [
        "out"
      ],
      "outputs": {
        "out": "/nix/store/mygynllbxwza4nqbqk9ch7qi2n9zxlsm-vite-unstable-2022-05-17"
      },
      "system": "aarch64-linux",
      "group": "toplevel",
      "priority": 5
    },
    {
      "attr_path": "vite",
      "broken": false,
      "derivation": "/nix/store/d9xg8nsn345xgb74rh3qx2hg7d4g4wfg-vite-unstable-2022-05-17.drv",
      "description": "Visual Trace Explorer (ViTE), a tool to visualize execution traces",
      "install_id": "vite",
      "license": "CECILL-2.0",
      "locked_url": "https://github.com/flox/nixpkgs?rev=5b09dc45f24cf32316283e62aec81ffee3c3e376",
      "name": "vite-unstable-2022-05-17",
      "pname": "vite",
      "rev": "5b09dc45f24cf32316283e62aec81ffee3c3e376",
      "rev_count": 838708,
      "rev_date": "2025-08-03T09:47:33Z",
      "scrape_date": "2025-08-05T01:34:41.971020Z",
      "stabilities": [
        "unstable"
      ],
      "unfree": false,
      "version": "2022-05-17",
      "outputs_to_install": [
        "out"
      ],
      "outputs": {
        "out": "/nix/store/9kxw0w0wa35apqlrdrkgf30ham2smi14-vite-unstable-2022-05-17"
      },
      "system": "x86_64-linux",
      "group": "toplevel",
      "priority": 5
    }
  ]
}